
Microsoft Visual Studio Solution File, Format Version 12.00
# Visual Studio 14
VisualStudioVersion = 14.0.25420.1
MinimumVisualStudioVersion = 10.0.40219.1
Project("{FAE04EC0-301F-11D3-BF4B-00C04F79EFBC}") = "ToDoApp.Entity", "ToDoApp.Entity\ToDoApp.Entity.csproj", "{31071A00-0613-4F03-8B18-AE0ABC0E026C}"
EndProject
Project("{FAE04EC0-301F-11D3-BF4B-00C04F79EFBC}") = "ToDoApp.DbMigrator", "ToDoApp.DbMigrator\ToDoApp.DbMigrator.csproj", "{67365AD5-B5C5-4C02-915A-C3465BF6FE84}"
EndProject
Project("{FAE04EC0-301F-11D3-BF4B-00C04F79EFBC}") = "ToDoApp.Contract", "ToDoApp.Contract\ToDoApp.Contract.csproj", "{E593C4B2-119A-454D-9C1D-65EDE203AB2A}"
EndProject
Project("{FAE04EC0-301F-11D3-BF4B-00C04F79EFBC}") = "ToDoApp.Infrastructure", "ToDoApp.Infrastructure\ToDoApp.Infrastructure.csproj", "{7667C1F5-3F30-451A-9B60-5BF386049715}"
EndProject
Project("{FAE04EC0-301F-11D3-BF4B-00C04F79EFBC}") = "ToDoApp.Core", "ToDoApp.Core\ToDoApp.Core.csproj", "{33F87A16-8FF7-422D-A853-026C7D19A471}"
EndProject
Project("{2150E333-8FDC-42A3-9474-1A3956D46DE8}") = "0.Tool", "0.Tool", "{80E58D87-2D73-4F29-9BEB-DB52DD61F78E}"
EndProject
Project("{2150E333-8FDC-42A3-9474-1A3956D46DE8}") = "1.Business", "1.Business", "{C077F1CE-CBFB-45F8-9DDA-3BCA8DD8E923}"
EndProject
Project("{2150E333-8FDC-42A3-9474-1A3956D46DE8}") = "2.UI", "2.UI", "{8A53F6A7-243D-40E8-BE11-556A06B53311}"
EndProject
Project("{2150E333-8FDC-42A3-9474-1A3956D46DE8}") = "3.Test", "3.Test", "{991B68E5-0C83-45CB-969A-BE52654C8EB6}"
EndProject
Project("{FAE04EC0-301F-11D3-BF4B-00C04F79EFBC}") = "ToDoApp.WebSite", "ToDoApp.WebSite\ToDoApp.WebSite.csproj", "{2D1E98AF-AF39-46A4-B57D-5BE441F2DED0}"
EndProject
Project("{FAE04EC0-301F-11D3-BF4B-00C04F79EFBC}") = "ToDoApp.WebApi", "ToDoApp.WebApi\ToDoApp.WebApi.csproj", "{69724E48-9C76-4F47-A966-B53EB03E3B70}"
EndProject
Project("{FAE04EC0-301F-11D3-BF4B-00C04F79EFBC}") = "ToDoApp.MongoLogger", "ToDoApp.MongoInfrastructure\ToDoApp.MongoLogger.csproj", "{B6D5C027-FD74-4C29-B0BC-4B8FB3CA0C02}"
EndProject
Project("{FAE04EC0-301F-11D3-BF4B-00C04F79EFBC}") = "ToDoApp.Common", "ToDoApp.Common\ToDoApp.Common.csproj", "{98196BB1-516B-4F5A-AB4A-1CE152BA2175}"
EndProject
Project("{FAE04EC0-301F-11D3-BF4B-00C04F79EFBC}") = "ToDoApp.ApiTest", "ToDoApp.ApiTest\ToDoApp.ApiTest.csproj", "{9C7F648F-A957-4C78-800E-1E02F8393CD4}"
EndProject
Project("{FAE04EC0-301F-11D3-BF4B-00C04F79EFBC}") = "ToDoApp.Resources", "ToDoApp.Resources\ToDoApp.Resources.csproj", "{4D760819-E8AD-42FC-B3A7-25912BD12D2F}"
EndProject
Project("{FAE04EC0-301F-11D3-BF4B-00C04F79EFBC}") = "ToDoApp.CoreTest", "ToDoApp.CoreTest\ToDoApp.CoreTest.csproj", "{E3CEAF65-6B8E-441F-A299-66736922184E}"
EndProject
Global
	GlobalSection(SolutionConfigurationPlatforms) = preSolution
		Debug|Any CPU = Debug|Any CPU
		Release|Any CPU = Release|Any CPU
	EndGlobalSection
	GlobalSection(ProjectConfigurationPlatforms) = postSolution
		{31071A00-0613-4F03-8B18-AE0ABC0E026C}.Debug|Any CPU.ActiveCfg = Debug|Any CPU
		{31071A00-0613-4F03-8B18-AE0ABC0E026C}.Debug|Any CPU.Build.0 = Debug|Any CPU
		{31071A00-0613-4F03-8B18-AE0ABC0E026C}.Release|Any CPU.ActiveCfg = Release|Any CPU
		{31071A00-0613-4F03-8B18-AE0ABC0E026C}.Release|Any CPU.Build.0 = Release|Any CPU
		{67365AD5-B5C5-4C02-915A-C3465BF6FE84}.Debug|Any CPU.ActiveCfg = Debug|Any CPU
		{67365AD5-B5C5-4C02-915A-C3465BF6FE84}.Debug|Any CPU.Build.0 = Debug|Any CPU
		{67365AD5-B5C5-4C02-915A-C3465BF6FE84}.Release|Any CPU.ActiveCfg = Release|Any CPU
		{67365AD5-B5C5-4C02-915A-C3465BF6FE84}.Release|Any CPU.Build.0 = Release|Any CPU
		{E593C4B2-119A-454D-9C1D-65EDE203AB2A}.Debug|Any CPU.ActiveCfg = Debug|Any CPU
		{E593C4B2-119A-454D-9C1D-65EDE203AB2A}.Debug|Any CPU.Build.0 = Debug|Any CPU
		{E593C4B2-119A-454D-9C1D-65EDE203AB2A}.Release|Any CPU.ActiveCfg = Release|Any CPU
		{E593C4B2-119A-454D-9C1D-65EDE203AB2A}.Release|Any CPU.Build.0 = Release|Any CPU
		{7667C1F5-3F30-451A-9B60-5BF386049715}.Debug|Any CPU.ActiveCfg = Debug|Any CPU
		{7667C1F5-3F30-451A-9B60-5BF386049715}.Debug|Any CPU.Build.0 = Debug|Any CPU
		{7667C1F5-3F30-451A-9B60-5BF386049715}.Release|Any CPU.ActiveCfg = Release|Any CPU
		{7667C1F5-3F30-451A-9B60-5BF386049715}.Release|Any CPU.Build.0 = Release|Any CPU
		{33F87A16-8FF7-422D-A853-026C7D19A471}.Debug|Any CPU.ActiveCfg = Debug|Any CPU
		{33F87A16-8FF7-422D-A853-026C7D19A471}.Debug|Any CPU.Build.0 = Debug|Any CPU
		{33F87A16-8FF7-422D-A853-026C7D19A471}.Release|Any CPU.ActiveCfg = Release|Any CPU
		{33F87A16-8FF7-422D-A853-026C7D19A471}.Release|Any CPU.Build.0 = Release|Any CPU
		{2D1E98AF-AF39-46A4-B57D-5BE441F2DED0}.Debug|Any CPU.ActiveCfg = Debug|Any CPU
		{2D1E98AF-AF39-46A4-B57D-5BE441F2DED0}.Debug|Any CPU.Build.0 = Debug|Any CPU
		{2D1E98AF-AF39-46A4-B57D-5BE441F2DED0}.Release|Any CPU.ActiveCfg = Release|Any CPU
		{2D1E98AF-AF39-46A4-B57D-5BE441F2DED0}.Release|Any CPU.Build.0 = Release|Any CPU
		{69724E48-9C76-4F47-A966-B53EB03E3B70}.Debug|Any CPU.ActiveCfg = Debug|Any CPU
		{69724E48-9C76-4F47-A966-B53EB03E3B70}.Debug|Any CPU.Build.0 = Debug|Any CPU
		{69724E48-9C76-4F47-A966-B53EB03E3B70}.Release|Any CPU.ActiveCfg = Release|Any CPU
		{69724E48-9C76-4F47-A966-B53EB03E3B70}.Release|Any CPU.Build.0 = Release|Any CPU
		{B6D5C027-FD74-4C29-B0BC-4B8FB3CA0C02}.Debug|Any CPU.ActiveCfg = Debug|Any CPU
		{B6D5C027-FD74-4C29-B0BC-4B8FB3CA0C02}.Debug|Any CPU.Build.0 = Debug|Any CPU
		{B6D5C027-FD74-4C29-B0BC-4B8FB3CA0C02}.Release|Any CPU.ActiveCfg = Release|Any CPU
		{B6D5C027-FD74-4C29-B0BC-4B8FB3CA0C02}.Release|Any CPU.Build.0 = Release|Any CPU
		{98196BB1-516B-4F5A-AB4A-1CE152BA2175}.Debug|Any CPU.ActiveCfg = Debug|Any CPU
		{98196BB1-516B-4F5A-AB4A-1CE152BA2175}.Debug|Any CPU.Build.0 = Debug|Any CPU
		{98196BB1-516B-4F5A-AB4A-1CE152BA2175}.Release|Any CPU.ActiveCfg = Release|Any CPU
		{98196BB1-516B-4F5A-AB4A-1CE152BA2175}.Release|Any CPU.Build.0 = Release|Any CPU
		{9C7F648F-A957-4C78-800E-1E02F8393CD4}.Debug|Any CPU.ActiveCfg = Debug|Any CPU
		{9C7F648F-A957-4C78-800E-1E02F8393CD4}.Debug|Any CPU.Build.0 = Debug|Any CPU
		{9C7F648F-A957-4C78-800E-1E02F8393CD4}.Release|Any CPU.ActiveCfg = Release|Any CPU
		{9C7F648F-A957-4C78-800E-1E02F8393CD4}.Release|Any CPU.Build.0 = Release|Any CPU
		{4D760819-E8AD-42FC-B3A7-25912BD12D2F}.Debug|Any CPU.ActiveCfg = Debug|Any CPU
		{4D760819-E8AD-42FC-B3A7-25912BD12D2F}.Debug|Any CPU.Build.0 = Debug|Any CPU
		{4D760819-E8AD-42FC-B3A7-25912BD12D2F}.Release|Any CPU.ActiveCfg = Release|Any CPU
		{4D760819-E8AD-42FC-B3A7-25912BD12D2F}.Release|Any CPU.Build.0 = Release|Any CPU
		{E3CEAF65-6B8E-441F-A299-66736922184E}.Debug|Any CPU.ActiveCfg = Debug|Any CPU
		{E3CEAF65-6B8E-441F-A299-66736922184E}.Debug|Any CPU.Build.0 = Debug|Any CPU
		{E3CEAF65-6B8E-441F-A299-66736922184E}.Release|Any CPU.ActiveCfg = Release|Any CPU
		{E3CEAF65-6B8E-441F-A299-66736922184E}.Release|Any CPU.Build.0 = Release|Any CPU
	EndGlobalSection
	GlobalSection(SolutionProperties) = preSolution
		HideSolutionNode = FALSE
	EndGlobalSection
	GlobalSection(NestedProjects) = preSolution
		{31071A00-0613-4F03-8B18-AE0ABC0E026C} = {C077F1CE-CBFB-45F8-9DDA-3BCA8DD8E923}
		{67365AD5-B5C5-4C02-915A-C3465BF6FE84} = {80E58D87-2D73-4F29-9BEB-DB52DD61F78E}
		{E593C4B2-119A-454D-9C1D-65EDE203AB2A} = {C077F1CE-CBFB-45F8-9DDA-3BCA8DD8E923}
		{7667C1F5-3F30-451A-9B60-5BF386049715} = {C077F1CE-CBFB-45F8-9DDA-3BCA8DD8E923}
		{33F87A16-8FF7-422D-A853-026C7D19A471} = {C077F1CE-CBFB-45F8-9DDA-3BCA8DD8E923}
		{2D1E98AF-AF39-46A4-B57D-5BE441F2DED0} = {8A53F6A7-243D-40E8-BE11-556A06B53311}
		{69724E48-9C76-4F47-A966-B53EB03E3B70} = {8A53F6A7-243D-40E8-BE11-556A06B53311}
		{B6D5C027-FD74-4C29-B0BC-4B8FB3CA0C02} = {C077F1CE-CBFB-45F8-9DDA-3BCA8DD8E923}
		{98196BB1-516B-4F5A-AB4A-1CE152BA2175} = {C077F1CE-CBFB-45F8-9DDA-3BCA8DD8E923}
		{9C7F648F-A957-4C78-800E-1E02F8393CD4} = {991B68E5-0C83-45CB-969A-BE52654C8EB6}
		{4D760819-E8AD-42FC-B3A7-25912BD12D2F} = {C077F1CE-CBFB-45F8-9DDA-3BCA8DD8E923}
		{E3CEAF65-6B8E-441F-A299-66736922184E} = {991B68E5-0C83-45CB-969A-BE52654C8EB6}
	EndGlobalSection
EndGlobal
